
Microsoft Visual Studio Solution File, Format Version 12.00
# Visual Studio 15
VisualStudioVersion = 15.0.27004.2005
MinimumVisualStudioVersion = 10.0.40219.1
Project("{FAE04EC0-301F-11D3-BF4B-00C04F79EFBC}") = "Calculadora", "Calculadora\Calculadora.csproj", "{0D38B3C8-620A-401A-97C7-C9D52C1211A4}"
EndProject
Global
	GlobalSection(SolutionConfigurationPlatforms) = preSolution
		Debug|Any CPU = Debug|Any CPU
		Release|Any CPU = Release|Any CPU
	EndGlobalSection
	GlobalSection(ProjectConfigurationPlatforms) = postSolution
		{0D38B3C8-620A-401A-97C7-C9D52C1211A4}.Debug|Any CPU.ActiveCfg = Debug|Any CPU
		{0D38B3C8-620A-401A-97C7-C9D52C1211A4}.Debug|Any CPU.Build.0 = Debug|Any CPU
		{0D38B3C8-620A-401A-97C7-C9D52C1211A4}.Release|Any CPU.ActiveCfg = Release|Any CPU
		{0D38B3C8-620A-401A-97C7-C9D52C1211A4}.Release|Any CPU.Build.0 = Release|Any CPU
	EndGlobalSection
	GlobalSection(SolutionProperties) = preSolution
		HideSolutionNode = FALSE
	EndGlobalSection
	GlobalSection(ExtensibilityGlobals) = postSolution
		SolutionGuid = {3EE0D756-ECD1-45B1-99C3-23633BC80076}
	EndGlobalSection
	GlobalSection(TeamFoundationVersionControl) = preSolution
		SccNumberOfProjects = 2
		SccEnterpriseProvider = {4CA58AB2-18FA-4F8D-95D4-32DDF27D184C}
		SccTeamFoundationServer = https://carlosfurb.visualstudio.com/
		SccLocalPath0 = .
		SccProjectUniqueName1 = Calculadora\\Calculadora.csproj
		SccProjectName1 = Calculadora
		SccLocalPath1 = Calculadora
	EndGlobalSection
EndGlobal
